
Microsoft Visual Studio Solution File, Format Version 12.00
# Visual Studio 2012
Project("{FAE04EC0-301F-11D3-BF4B-00C04F79EFBC}") = "RoadLamps.Hosting", "RoadLamps.Hosting\RoadLamps.Hosting.csproj", "{4CB8A041-1FC2-4CD6-9EFD-A9C5B60DD9E9}"
EndProject
Project("{FAE04EC0-301F-11D3-BF4B-00C04F79EFBC}") = "RoadLamps.Contract", "RoadLamps.Contract\RoadLamps.Contract.csproj", "{9816A1E5-550E-4AF1-89AC-04C92E92048F}"
EndProject
Project("{FAE04EC0-301F-11D3-BF4B-00C04F79EFBC}") = "RoadLamps.Core", "RoadLamps.Core\RoadLamps.Core.csproj", "{3AEC9003-E4BE-4627-91F2-5226970EE79D}"
EndProject
Project("{FAE04EC0-301F-11D3-BF4B-00C04F79EFBC}") = "RoadLamps.Server", "RoadLamps.Server\RoadLamps.Server.csproj", "{01D4BF99-9177-4981-9888-8E13CC5022D1}"
EndProject
Project("{FAE04EC0-301F-11D3-BF4B-00C04F79EFBC}") = "RoadLamps.Client", "RoadLamps.Client\RoadLamps.Client.csproj", "{F38F4BFE-60C6-4C5F-A8EC-82AF628E82D8}"
EndProject
Project("{FAE04EC0-301F-11D3-BF4B-00C04F79EFBC}") = "RoadLamps.Testing", "RoadLamps.Testing\RoadLamps.Testing.csproj", "{AE1514F0-76C5-4A6D-A24C-544A07B47104}"
EndProject
Project("{FAE04EC0-301F-11D3-BF4B-00C04F79EFBC}") = "RoadLamps.Winform", "RoadLamps.Winform\RoadLamps.Winform.csproj", "{B66184F2-EDF1-4883-9BD4-7948F4E79CDF}"
EndProject
Project("{FAE04EC0-301F-11D3-BF4B-00C04F79EFBC}") = "RoadLamps.Service.Old", "RoadLamps.Service.Old\RoadLamps.Service.Old.csproj", "{4745DAE8-A8CA-4583-BFBD-482013BDEFD9}"
EndProject
Project("{FAE04EC0-301F-11D3-BF4B-00C04F79EFBC}") = "RoadLamps.Service", "RoadLamps.Service\RoadLamps.Service.csproj", "{D1E4D714-A9CE-46DB-B440-BA6C8B8D6E3A}"
EndProject
Project("{FAE04EC0-301F-11D3-BF4B-00C04F79EFBC}") = "RoadLamps.Web", "RoadLamps.Web\RoadLamps.Web.csproj", "{B8B009D2-3BFE-4A79-8047-651ACD465346}"
EndProject
Project("{FAE04EC0-301F-11D3-BF4B-00C04F79EFBC}") = "RoadLamps.Testing.Server", "RoadLamps.Testing.Server\RoadLamps.Testing.Server.csproj", "{5F0E16A4-90E0-4825-BC40-224BAFD2C747}"
EndProject
Project("{FAE04EC0-301F-11D3-BF4B-00C04F79EFBC}") = "RoadLamps.Testing.Client", "RoadLamps.Testing.Client\RoadLamps.Testing.Client.csproj", "{0E3DE824-4FBB-4324-8AA0-1C62BFAB2ACB}"
EndProject
Project("{2150E333-8FDC-42A3-9474-1A3956D46DE8}") = "WCF", "WCF", "{DD1CFA75-9F8E-4AB6-8BAE-BCF712089121}"
EndProject
Project("{2150E333-8FDC-42A3-9474-1A3956D46DE8}") = "Testing", "Testing", "{ACA1B1E6-F81C-4BE3-8E3C-E614464102B1}"
EndProject
Project("{2150E333-8FDC-42A3-9474-1A3956D46DE8}") = "UI", "UI", "{D7F2BEE4-8D4A-4B53-99F1-D218D47F69A7}"
EndProject
Global
	GlobalSection(SolutionConfigurationPlatforms) = preSolution
		Debug|Any CPU = Debug|Any CPU
		Release|Any CPU = Release|Any CPU
	EndGlobalSection
	GlobalSection(ProjectConfigurationPlatforms) = postSolution
		{4CB8A041-1FC2-4CD6-9EFD-A9C5B60DD9E9}.Debug|Any CPU.ActiveCfg = Debug|Any CPU
		{4CB8A041-1FC2-4CD6-9EFD-A9C5B60DD9E9}.Debug|Any CPU.Build.0 = Debug|Any CPU
		{4CB8A041-1FC2-4CD6-9EFD-A9C5B60DD9E9}.Release|Any CPU.ActiveCfg = Release|Any CPU
		{4CB8A041-1FC2-4CD6-9EFD-A9C5B60DD9E9}.Release|Any CPU.Build.0 = Release|Any CPU
		{9816A1E5-550E-4AF1-89AC-04C92E92048F}.Debug|Any CPU.ActiveCfg = Debug|Any CPU
		{9816A1E5-550E-4AF1-89AC-04C92E92048F}.Debug|Any CPU.Build.0 = Debug|Any CPU
		{9816A1E5-550E-4AF1-89AC-04C92E92048F}.Release|Any CPU.ActiveCfg = Release|Any CPU
		{9816A1E5-550E-4AF1-89AC-04C92E92048F}.Release|Any CPU.Build.0 = Release|Any CPU
		{3AEC9003-E4BE-4627-91F2-5226970EE79D}.Debug|Any CPU.ActiveCfg = Debug|Any CPU
		{3AEC9003-E4BE-4627-91F2-5226970EE79D}.Debug|Any CPU.Build.0 = Debug|Any CPU
		{3AEC9003-E4BE-4627-91F2-5226970EE79D}.Release|Any CPU.ActiveCfg = Release|Any CPU
		{3AEC9003-E4BE-4627-91F2-5226970EE79D}.Release|Any CPU.Build.0 = Release|Any CPU
		{01D4BF99-9177-4981-9888-8E13CC5022D1}.Debug|Any CPU.ActiveCfg = Debug|Any CPU
		{01D4BF99-9177-4981-9888-8E13CC5022D1}.Debug|Any CPU.Build.0 = Debug|Any CPU
		{01D4BF99-9177-4981-9888-8E13CC5022D1}.Release|Any CPU.ActiveCfg = Release|Any CPU
		{01D4BF99-9177-4981-9888-8E13CC5022D1}.Release|Any CPU.Build.0 = Release|Any CPU
		{F38F4BFE-60C6-4C5F-A8EC-82AF628E82D8}.Debug|Any CPU.ActiveCfg = Debug|Any CPU
		{F38F4BFE-60C6-4C5F-A8EC-82AF628E82D8}.Debug|Any CPU.Build.0 = Debug|Any CPU
		{F38F4BFE-60C6-4C5F-A8EC-82AF628E82D8}.Release|Any CPU.ActiveCfg = Release|Any CPU
		{F38F4BFE-60C6-4C5F-A8EC-82AF628E82D8}.Release|Any CPU.Build.0 = Release|Any CPU
		{AE1514F0-76C5-4A6D-A24C-544A07B47104}.Debug|Any CPU.ActiveCfg = Debug|Any CPU
		{AE1514F0-76C5-4A6D-A24C-544A07B47104}.Debug|Any CPU.Build.0 = Debug|Any CPU
		{AE1514F0-76C5-4A6D-A24C-544A07B47104}.Release|Any CPU.ActiveCfg = Release|Any CPU
		{AE1514F0-76C5-4A6D-A24C-544A07B47104}.Release|Any CPU.Build.0 = Release|Any CPU
		{B66184F2-EDF1-4883-9BD4-7948F4E79CDF}.Debug|Any CPU.ActiveCfg = Debug|Any CPU
		{B66184F2-EDF1-4883-9BD4-7948F4E79CDF}.Debug|Any CPU.Build.0 = Debug|Any CPU
		{B66184F2-EDF1-4883-9BD4-7948F4E79CDF}.Release|Any CPU.ActiveCfg = Release|Any CPU
		{B66184F2-EDF1-4883-9BD4-7948F4E79CDF}.Release|Any CPU.Build.0 = Release|Any CPU
		{4745DAE8-A8CA-4583-BFBD-482013BDEFD9}.Debug|Any CPU.ActiveCfg = Debug|Any CPU
		{4745DAE8-A8CA-4583-BFBD-482013BDEFD9}.Debug|Any CPU.Build.0 = Debug|Any CPU
		{4745DAE8-A8CA-4583-BFBD-482013BDEFD9}.Release|Any CPU.ActiveCfg = Release|Any CPU
		{4745DAE8-A8CA-4583-BFBD-482013BDEFD9}.Release|Any CPU.Build.0 = Release|Any CPU
		{D1E4D714-A9CE-46DB-B440-BA6C8B8D6E3A}.Debug|Any CPU.ActiveCfg = Debug|Any CPU
		{D1E4D714-A9CE-46DB-B440-BA6C8B8D6E3A}.Debug|Any CPU.Build.0 = Debug|Any CPU
		{D1E4D714-A9CE-46DB-B440-BA6C8B8D6E3A}.Release|Any CPU.ActiveCfg = Release|Any CPU
		{D1E4D714-A9CE-46DB-B440-BA6C8B8D6E3A}.Release|Any CPU.Build.0 = Release|Any CPU
		{B8B009D2-3BFE-4A79-8047-651ACD465346}.Debug|Any CPU.ActiveCfg = Debug|Any CPU
		{B8B009D2-3BFE-4A79-8047-651ACD465346}.Debug|Any CPU.Build.0 = Debug|Any CPU
		{B8B009D2-3BFE-4A79-8047-651ACD465346}.Release|Any CPU.ActiveCfg = Release|Any CPU
		{B8B009D2-3BFE-4A79-8047-651ACD465346}.Release|Any CPU.Build.0 = Release|Any CPU
		{5F0E16A4-90E0-4825-BC40-224BAFD2C747}.Debug|Any CPU.ActiveCfg = Debug|Any CPU
		{5F0E16A4-90E0-4825-BC40-224BAFD2C747}.Debug|Any CPU.Build.0 = Debug|Any CPU
		{5F0E16A4-90E0-4825-BC40-224BAFD2C747}.Release|Any CPU.ActiveCfg = Release|Any CPU
		{5F0E16A4-90E0-4825-BC40-224BAFD2C747}.Release|Any CPU.Build.0 = Release|Any CPU
		{0E3DE824-4FBB-4324-8AA0-1C62BFAB2ACB}.Debug|Any CPU.ActiveCfg = Debug|Any CPU
		{0E3DE824-4FBB-4324-8AA0-1C62BFAB2ACB}.Debug|Any CPU.Build.0 = Debug|Any CPU
		{0E3DE824-4FBB-4324-8AA0-1C62BFAB2ACB}.Release|Any CPU.ActiveCfg = Release|Any CPU
		{0E3DE824-4FBB-4324-8AA0-1C62BFAB2ACB}.Release|Any CPU.Build.0 = Release|Any CPU
	EndGlobalSection
	GlobalSection(SolutionProperties) = preSolution
		HideSolutionNode = FALSE
	EndGlobalSection
	GlobalSection(NestedProjects) = preSolution
		{9816A1E5-550E-4AF1-89AC-04C92E92048F} = {DD1CFA75-9F8E-4AB6-8BAE-BCF712089121}
		{4CB8A041-1FC2-4CD6-9EFD-A9C5B60DD9E9} = {DD1CFA75-9F8E-4AB6-8BAE-BCF712089121}
		{D1E4D714-A9CE-46DB-B440-BA6C8B8D6E3A} = {DD1CFA75-9F8E-4AB6-8BAE-BCF712089121}
		{AE1514F0-76C5-4A6D-A24C-544A07B47104} = {ACA1B1E6-F81C-4BE3-8E3C-E614464102B1}
		{0E3DE824-4FBB-4324-8AA0-1C62BFAB2ACB} = {ACA1B1E6-F81C-4BE3-8E3C-E614464102B1}
		{5F0E16A4-90E0-4825-BC40-224BAFD2C747} = {ACA1B1E6-F81C-4BE3-8E3C-E614464102B1}
		{B8B009D2-3BFE-4A79-8047-651ACD465346} = {D7F2BEE4-8D4A-4B53-99F1-D218D47F69A7}
		{B66184F2-EDF1-4883-9BD4-7948F4E79CDF} = {D7F2BEE4-8D4A-4B53-99F1-D218D47F69A7}
	EndGlobalSection
EndGlobal
